
Microsoft Visual Studio Solution File, Format Version 12.00
# Visual Studio Version 16
VisualStudioVersion = 16.0.29306.81
MinimumVisualStudioVersion = 10.0.40219.1
Project("{FAE04EC0-301F-11D3-BF4B-00C04F79EFBC}") = "BankOfSimba", "BankOfSimba\BankOfSimba.csproj", "{05F69124-C390-499F-BCC2-FBC6188F735B}"
EndProject
Global
	GlobalSection(SolutionConfigurationPlatforms) = preSolution
		Debug|Any CPU = Debug|Any CPU
		Release|Any CPU = Release|Any CPU
	EndGlobalSection
	GlobalSection(ProjectConfigurationPlatforms) = postSolution
		{05F69124-C390-499F-BCC2-FBC6188F735B}.Debug|Any CPU.ActiveCfg = Debug|Any CPU
		{05F69124-C390-499F-BCC2-FBC6188F735B}.Debug|Any CPU.Build.0 = Debug|Any CPU
		{05F69124-C390-499F-BCC2-FBC6188F735B}.Release|Any CPU.ActiveCfg = Release|Any CPU
		{05F69124-C390-499F-BCC2-FBC6188F735B}.Release|Any CPU.Build.0 = Release|Any CPU
	EndGlobalSection
	GlobalSection(SolutionProperties) = preSolution
		HideSolutionNode = FALSE
	EndGlobalSection
	GlobalSection(ExtensibilityGlobals) = postSolution
		SolutionGuid = {D2C1B6C3-E54E-482F-A1EF-713C9DCBEAED}
	EndGlobalSection
EndGlobal
